// !$*UTF8*$!
{
	archiveVersion = 1;
	classes = {
	};
	objectVersion = 56;
	objects = {

/* Begin PBXBuildFile section */
		A104971D2AE2A07C000C01E0 /* ProfileThreadFilter.swift in Sources */ = {isa = PBXBuildFile; fileRef = A104971C2AE2A07C000C01E0 /* ProfileThreadFilter.swift */; };
		A1144FBA2AE529E30010CFC8 /* ExploreViewModel.swift in Sources */ = {isa = PBXBuildFile; fileRef = A1144FB92AE529E30010CFC8 /* ExploreViewModel.swift */; };
		A1144FBC2AE52B630010CFC8 /* PreviewProvider.swift in Sources */ = {isa = PBXBuildFile; fileRef = A1144FBB2AE52B630010CFC8 /* PreviewProvider.swift */; };
		A1144FC02AE531AF0010CFC8 /* CurrentUserProfileView.swift in Sources */ = {isa = PBXBuildFile; fileRef = A1144FBF2AE531AF0010CFC8 /* CurrentUserProfileView.swift */; };
		A1144FC42AE534140010CFC8 /* ProfileHeaderView.swift in Sources */ = {isa = PBXBuildFile; fileRef = A1144FC32AE534140010CFC8 /* ProfileHeaderView.swift */; };
		A1144FC82AE5387E0010CFC8 /* UserContentListView.swift in Sources */ = {isa = PBXBuildFile; fileRef = A1144FC72AE5387E0010CFC8 /* UserContentListView.swift */; };
		A1344F792ADFB5D10091C262 /* FeedView.swift in Sources */ = {isa = PBXBuildFile; fileRef = A1344F782ADFB5D10091C262 /* FeedView.swift */; };
		A1344F832ADFB6910091C262 /* ProfileView.swift in Sources */ = {isa = PBXBuildFile; fileRef = A1344F822ADFB6910091C262 /* ProfileView.swift */; };
		A1344F852ADFB6AD0091C262 /* ActivityView.swift in Sources */ = {isa = PBXBuildFile; fileRef = A1344F842ADFB6AD0091C262 /* ActivityView.swift */; };
		A1344F872ADFB6C10091C262 /* ThreadCreationView.swift in Sources */ = {isa = PBXBuildFile; fileRef = A1344F862ADFB6C10091C262 /* ThreadCreationView.swift */; };
		A1344F892ADFB6D20091C262 /* ExploreView.swift in Sources */ = {isa = PBXBuildFile; fileRef = A1344F882ADFB6D20091C262 /* ExploreView.swift */; };
		A13D05352AE2730800B63045 /* CircularImageProfileView.swift in Sources */ = {isa = PBXBuildFile; fileRef = A13D05342AE2730800B63045 /* CircularImageProfileView.swift */; };
		A13D05372AE2738100B63045 /* UserCell.swift in Sources */ = {isa = PBXBuildFile; fileRef = A13D05362AE2738100B63045 /* UserCell.swift */; };
		A13F33312ADC309F00D2DEDE /* RegistrationView.swift in Sources */ = {isa = PBXBuildFile; fileRef = A13F33302ADC309F00D2DEDE /* RegistrationView.swift */; };
		A13F33342ADC33E900D2DEDE /* ThreadsTextFieldModifiers.swift in Sources */ = {isa = PBXBuildFile; fileRef = A13F33332ADC33E900D2DEDE /* ThreadsTextFieldModifiers.swift */; };
		A13F33372ADC36AE00D2DEDE /* ThreadsTabView.swift in Sources */ = {isa = PBXBuildFile; fileRef = A13F33362ADC36AE00D2DEDE /* ThreadsTabView.swift */; };
		A176E27B2AE3EC6B007F611A /* User.swift in Sources */ = {isa = PBXBuildFile; fileRef = A176E27A2AE3EC6B007F611A /* User.swift */; };
		A176E27D2AE3EF9B007F611A /* UserService.swift in Sources */ = {isa = PBXBuildFile; fileRef = A176E27C2AE3EF9B007F611A /* UserService.swift */; };
		A176E2802AE3F0D2007F611A /* CurrentUserProfileViewModel.swift in Sources */ = {isa = PBXBuildFile; fileRef = A176E27F2AE3F0D2007F611A /* CurrentUserProfileViewModel.swift */; };
		A17993D62AE6B6090010CABE /* EditProfileViewModel.swift in Sources */ = {isa = PBXBuildFile; fileRef = A17993D52AE6B6090010CABE /* EditProfileViewModel.swift */; };
		A17993D82AE6B8030010CABE /* ImageUploader.swift in Sources */ = {isa = PBXBuildFile; fileRef = A17993D72AE6B8030010CABE /* ImageUploader.swift */; };
		A17993DB2AE6BD8A0010CABE /* Kingfisher in Frameworks */ = {isa = PBXBuildFile; productRef = A17993DA2AE6BD8A0010CABE /* Kingfisher */; };
		A19A2F112AE2634E00DECE83 /* ThreadCell.swift in Sources */ = {isa = PBXBuildFile; fileRef = A19A2F102AE2634E00DECE83 /* ThreadCell.swift */; };
		A1AC1FC12AE39DB200882C62 /* GoogleService-Info.plist in Resources */ = {isa = PBXBuildFile; fileRef = A1AC1FC02AE39DB200882C62 /* GoogleService-Info.plist */; };
		A1AC1FC42AE39E4400882C62 /* FirebaseAnalytics in Frameworks */ = {isa = PBXBuildFile; productRef = A1AC1FC32AE39E4400882C62 /* FirebaseAnalytics */; };
		A1AC1FC62AE39E4400882C62 /* FirebaseAnalyticsOnDeviceConversion in Frameworks */ = {isa = PBXBuildFile; productRef = A1AC1FC52AE39E4400882C62 /* FirebaseAnalyticsOnDeviceConversion */; };
		A1AC1FC82AE39E4400882C62 /* FirebaseAnalyticsSwift in Frameworks */ = {isa = PBXBuildFile; productRef = A1AC1FC72AE39E4400882C62 /* FirebaseAnalyticsSwift */; };
		A1AC1FCA2AE39E4400882C62 /* FirebaseAnalyticsWithoutAdIdSupport in Frameworks */ = {isa = PBXBuildFile; productRef = A1AC1FC92AE39E4400882C62 /* FirebaseAnalyticsWithoutAdIdSupport */; };
		A1AC1FCC2AE39E4400882C62 /* FirebaseAppCheck in Frameworks */ = {isa = PBXBuildFile; productRef = A1AC1FCB2AE39E4400882C62 /* FirebaseAppCheck */; };
		A1AC1FCE2AE39E4400882C62 /* FirebaseAppDistribution-Beta in Frameworks */ = {isa = PBXBuildFile; productRef = A1AC1FCD2AE39E4400882C62 /* FirebaseAppDistribution-Beta */; };
		A1AC1FD02AE39E4400882C62 /* FirebaseAuth in Frameworks */ = {isa = PBXBuildFile; productRef = A1AC1FCF2AE39E4400882C62 /* FirebaseAuth */; };
		A1AC1FD22AE39E4400882C62 /* FirebaseAuthCombine-Community in Frameworks */ = {isa = PBXBuildFile; productRef = A1AC1FD12AE39E4400882C62 /* FirebaseAuthCombine-Community */; };
		A1AC1FD42AE39E4400882C62 /* FirebaseCrashlytics in Frameworks */ = {isa = PBXBuildFile; productRef = A1AC1FD32AE39E4400882C62 /* FirebaseCrashlytics */; };
		A1AC1FD62AE39E4400882C62 /* FirebaseDatabase in Frameworks */ = {isa = PBXBuildFile; productRef = A1AC1FD52AE39E4400882C62 /* FirebaseDatabase */; };
		A1AC1FD82AE39E4400882C62 /* FirebaseDatabaseSwift in Frameworks */ = {isa = PBXBuildFile; productRef = A1AC1FD72AE39E4400882C62 /* FirebaseDatabaseSwift */; };
		A1AC1FDA2AE39E4400882C62 /* FirebaseDynamicLinks in Frameworks */ = {isa = PBXBuildFile; productRef = A1AC1FD92AE39E4400882C62 /* FirebaseDynamicLinks */; };
		A1AC1FDC2AE39E4400882C62 /* FirebaseFirestore in Frameworks */ = {isa = PBXBuildFile; productRef = A1AC1FDB2AE39E4400882C62 /* FirebaseFirestore */; };
		A1AC1FDE2AE39E4400882C62 /* FirebaseFirestoreCombine-Community in Frameworks */ = {isa = PBXBuildFile; productRef = A1AC1FDD2AE39E4400882C62 /* FirebaseFirestoreCombine-Community */; };
		A1AC1FE02AE39E4400882C62 /* FirebaseFirestoreSwift in Frameworks */ = {isa = PBXBuildFile; productRef = A1AC1FDF2AE39E4400882C62 /* FirebaseFirestoreSwift */; };
		A1AC1FE22AE39E4400882C62 /* FirebaseFunctions in Frameworks */ = {isa = PBXBuildFile; productRef = A1AC1FE12AE39E4400882C62 /* FirebaseFunctions */; };
		A1AC1FE42AE39E4400882C62 /* FirebaseFunctionsCombine-Community in Frameworks */ = {isa = PBXBuildFile; productRef = A1AC1FE32AE39E4400882C62 /* FirebaseFunctionsCombine-Community */; };
		A1AC1FE62AE39E4400882C62 /* FirebaseInAppMessaging-Beta in Frameworks */ = {isa = PBXBuildFile; productRef = A1AC1FE52AE39E4400882C62 /* FirebaseInAppMessaging-Beta */; };
		A1AC1FE82AE39E4400882C62 /* FirebaseInAppMessagingSwift-Beta in Frameworks */ = {isa = PBXBuildFile; productRef = A1AC1FE72AE39E4400882C62 /* FirebaseInAppMessagingSwift-Beta */; };
		A1AC1FEA2AE39E4400882C62 /* FirebaseInstallations in Frameworks */ = {isa = PBXBuildFile; productRef = A1AC1FE92AE39E4400882C62 /* FirebaseInstallations */; };
		A1AC1FEC2AE39E4400882C62 /* FirebaseMLModelDownloader in Frameworks */ = {isa = PBXBuildFile; productRef = A1AC1FEB2AE39E4400882C62 /* FirebaseMLModelDownloader */; };
		A1AC1FEE2AE39E4400882C62 /* FirebaseMessaging in Frameworks */ = {isa = PBXBuildFile; productRef = A1AC1FED2AE39E4400882C62 /* FirebaseMessaging */; };
		A1AC1FF02AE39E4400882C62 /* FirebasePerformance in Frameworks */ = {isa = PBXBuildFile; productRef = A1AC1FEF2AE39E4400882C62 /* FirebasePerformance */; };
		A1AC1FF22AE39E4400882C62 /* FirebaseRemoteConfig in Frameworks */ = {isa = PBXBuildFile; productRef = A1AC1FF12AE39E4400882C62 /* FirebaseRemoteConfig */; };
		A1AC1FF42AE39E4400882C62 /* FirebaseRemoteConfigSwift in Frameworks */ = {isa = PBXBuildFile; productRef = A1AC1FF32AE39E4400882C62 /* FirebaseRemoteConfigSwift */; };
		A1AC1FF62AE39E4400882C62 /* FirebaseStorage in Frameworks */ = {isa = PBXBuildFile; productRef = A1AC1FF52AE39E4400882C62 /* FirebaseStorage */; };
		A1AC1FF82AE39E4400882C62 /* FirebaseStorageCombine-Community in Frameworks */ = {isa = PBXBuildFile; productRef = A1AC1FF72AE39E4400882C62 /* FirebaseStorageCombine-Community */; };
		A1AC1FFC2AE3A02900882C62 /* RegistrationViewModel.swift in Sources */ = {isa = PBXBuildFile; fileRef = A1AC1FFB2AE3A02900882C62 /* RegistrationViewModel.swift */; };
		A1AC1FFE2AE3A11800882C62 /* AuthService.swift in Sources */ = {isa = PBXBuildFile; fileRef = A1AC1FFD2AE3A11700882C62 /* AuthService.swift */; };
		A1AC20022AE3A54D00882C62 /* ContentViewModel.swift in Sources */ = {isa = PBXBuildFile; fileRef = A1AC20012AE3A54D00882C62 /* ContentViewModel.swift */; };
		A1AC20042AE3A90000882C62 /* LoginViewModel.swift in Sources */ = {isa = PBXBuildFile; fileRef = A1AC20032AE3A90000882C62 /* LoginViewModel.swift */; };
		A1C88DD22ADBFB9300F475BB /* ThreadsApp.swift in Sources */ = {isa = PBXBuildFile; fileRef = A1C88DD12ADBFB9300F475BB /* ThreadsApp.swift */; };
		A1C88DD42ADBFB9300F475BB /* ContentView.swift in Sources */ = {isa = PBXBuildFile; fileRef = A1C88DD32ADBFB9300F475BB /* ContentView.swift */; };
		A1C88DD62ADBFB9400F475BB /* Assets.xcassets in Resources */ = {isa = PBXBuildFile; fileRef = A1C88DD52ADBFB9400F475BB /* Assets.xcassets */; };
		A1C88DD92ADBFB9400F475BB /* Preview Assets.xcassets in Resources */ = {isa = PBXBuildFile; fileRef = A1C88DD82ADBFB9400F475BB /* Preview Assets.xcassets */; };
		A1C88DE92ADBFC4D00F475BB /* LoginView.swift in Sources */ = {isa = PBXBuildFile; fileRef = A1C88DE82ADBFC4D00F475BB /* LoginView.swift */; };
		A1D16F432AE2D0340043EF5E /* EditProfileView.swift in Sources */ = {isa = PBXBuildFile; fileRef = A1D16F422AE2D0340043EF5E /* EditProfileView.swift */; };
/* End PBXBuildFile section */

/* Begin PBXFileReference section */
		A104971C2AE2A07C000C01E0 /* ProfileThreadFilter.swift */ = {isa = PBXFileReference; lastKnownFileType = sourcecode.swift; path = ProfileThreadFilter.swift; sourceTree = "<group>"; };
		A1144FB92AE529E30010CFC8 /* ExploreViewModel.swift */ = {isa = PBXFileReference; lastKnownFileType = sourcecode.swift; path = ExploreViewModel.swift; sourceTree = "<group>"; };
		A1144FBB2AE52B630010CFC8 /* PreviewProvider.swift */ = {isa = PBXFileReference; lastKnownFileType = sourcecode.swift; path = PreviewProvider.swift; sourceTree = "<group>"; };
		A1144FBF2AE531AF0010CFC8 /* CurrentUserProfileView.swift */ = {isa = PBXFileReference; lastKnownFileType = sourcecode.swift; path = CurrentUserProfileView.swift; sourceTree = "<group>"; };
		A1144FC32AE534140010CFC8 /* ProfileHeaderView.swift */ = {isa = PBXFileReference; lastKnownFileType = sourcecode.swift; path = ProfileHeaderView.swift; sourceTree = "<group>"; };
		A1144FC72AE5387E0010CFC8 /* UserContentListView.swift */ = {isa = PBXFileReference; lastKnownFileType = sourcecode.swift; path = UserContentListView.swift; sourceTree = "<group>"; };
		A1344F782ADFB5D10091C262 /* FeedView.swift */ = {isa = PBXFileReference; lastKnownFileType = sourcecode.swift; path = FeedView.swift; sourceTree = "<group>"; };
		A1344F822ADFB6910091C262 /* ProfileView.swift */ = {isa = PBXFileReference; lastKnownFileType = sourcecode.swift; path = ProfileView.swift; sourceTree = "<group>"; };
		A1344F842ADFB6AD0091C262 /* ActivityView.swift */ = {isa = PBXFileReference; lastKnownFileType = sourcecode.swift; path = ActivityView.swift; sourceTree = "<group>"; };
		A1344F862ADFB6C10091C262 /* ThreadCreationView.swift */ = {isa = PBXFileReference; lastKnownFileType = sourcecode.swift; path = ThreadCreationView.swift; sourceTree = "<group>"; };
		A1344F882ADFB6D20091C262 /* ExploreView.swift */ = {isa = PBXFileReference; lastKnownFileType = sourcecode.swift; path = ExploreView.swift; sourceTree = "<group>"; };
		A13D05342AE2730800B63045 /* CircularImageProfileView.swift */ = {isa = PBXFileReference; lastKnownFileType = sourcecode.swift; path = CircularImageProfileView.swift; sourceTree = "<group>"; };
		A13D05362AE2738100B63045 /* UserCell.swift */ = {isa = PBXFileReference; lastKnownFileType = sourcecode.swift; path = UserCell.swift; sourceTree = "<group>"; };
		A13F33302ADC309F00D2DEDE /* RegistrationView.swift */ = {isa = PBXFileReference; lastKnownFileType = sourcecode.swift; path = RegistrationView.swift; sourceTree = "<group>"; };
		A13F33332ADC33E900D2DEDE /* ThreadsTextFieldModifiers.swift */ = {isa = PBXFileReference; lastKnownFileType = sourcecode.swift; path = ThreadsTextFieldModifiers.swift; sourceTree = "<group>"; };
		A13F33362ADC36AE00D2DEDE /* ThreadsTabView.swift */ = {isa = PBXFileReference; lastKnownFileType = sourcecode.swift; path = ThreadsTabView.swift; sourceTree = "<group>"; };
		A176E27A2AE3EC6B007F611A /* User.swift */ = {isa = PBXFileReference; lastKnownFileType = sourcecode.swift; path = User.swift; sourceTree = "<group>"; };
		A176E27C2AE3EF9B007F611A /* UserService.swift */ = {isa = PBXFileReference; lastKnownFileType = sourcecode.swift; path = UserService.swift; sourceTree = "<group>"; };
		A176E27F2AE3F0D2007F611A /* CurrentUserProfileViewModel.swift */ = {isa = PBXFileReference; lastKnownFileType = sourcecode.swift; path = CurrentUserProfileViewModel.swift; sourceTree = "<group>"; };
		A17993D52AE6B6090010CABE /* EditProfileViewModel.swift */ = {isa = PBXFileReference; lastKnownFileType = sourcecode.swift; path = EditProfileViewModel.swift; sourceTree = "<group>"; };
		A17993D72AE6B8030010CABE /* ImageUploader.swift */ = {isa = PBXFileReference; lastKnownFileType = sourcecode.swift; path = ImageUploader.swift; sourceTree = "<group>"; };
		A19A2F102AE2634E00DECE83 /* ThreadCell.swift */ = {isa = PBXFileReference; lastKnownFileType = sourcecode.swift; path = ThreadCell.swift; sourceTree = "<group>"; };
		A1AC1FC02AE39DB200882C62 /* GoogleService-Info.plist */ = {isa = PBXFileReference; fileEncoding = 4; lastKnownFileType = text.plist.xml; path = "GoogleService-Info.plist"; sourceTree = "<group>"; };
		A1AC1FFB2AE3A02900882C62 /* RegistrationViewModel.swift */ = {isa = PBXFileReference; lastKnownFileType = sourcecode.swift; path = RegistrationViewModel.swift; sourceTree = "<group>"; };
		A1AC1FFD2AE3A11700882C62 /* AuthService.swift */ = {isa = PBXFileReference; lastKnownFileType = sourcecode.swift; path = AuthService.swift; sourceTree = "<group>"; };
		A1AC20012AE3A54D00882C62 /* ContentViewModel.swift */ = {isa = PBXFileReference; lastKnownFileType = sourcecode.swift; path = ContentViewModel.swift; sourceTree = "<group>"; };
		A1AC20032AE3A90000882C62 /* LoginViewModel.swift */ = {isa = PBXFileReference; lastKnownFileType = sourcecode.swift; path = LoginViewModel.swift; sourceTree = "<group>"; };
		A1C88DCE2ADBFB9300F475BB /* Threads.app */ = {isa = PBXFileReference; explicitFileType = wrapper.application; includeInIndex = 0; path = Threads.app; sourceTree = BUILT_PRODUCTS_DIR; };
		A1C88DD12ADBFB9300F475BB /* ThreadsApp.swift */ = {isa = PBXFileReference; lastKnownFileType = sourcecode.swift; path = ThreadsApp.swift; sourceTree = "<group>"; };
		A1C88DD32ADBFB9300F475BB /* ContentView.swift */ = {isa = PBXFileReference; lastKnownFileType = sourcecode.swift; path = ContentView.swift; sourceTree = "<group>"; };
		A1C88DD52ADBFB9400F475BB /* Assets.xcassets */ = {isa = PBXFileReference; lastKnownFileType = folder.assetcatalog; path = Assets.xcassets; sourceTree = "<group>"; };
		A1C88DD82ADBFB9400F475BB /* Preview Assets.xcassets */ = {isa = PBXFileReference; lastKnownFileType = folder.assetcatalog; path = "Preview Assets.xcassets"; sourceTree = "<group>"; };
		A1C88DE82ADBFC4D00F475BB /* LoginView.swift */ = {isa = PBXFileReference; lastKnownFileType = sourcecode.swift; path = LoginView.swift; sourceTree = "<group>"; };
		A1D16F422AE2D0340043EF5E /* EditProfileView.swift */ = {isa = PBXFileReference; lastKnownFileType = sourcecode.swift; path = EditProfileView.swift; sourceTree = "<group>"; };
/* End PBXFileReference section */

/* Begin PBXFrameworksBuildPhase section */
		A1C88DCB2ADBFB9300F475BB /* Frameworks */ = {
			isa = PBXFrameworksBuildPhase;
			buildActionMask = 2147483647;
			files = (
				A1AC1FD62AE39E4400882C62 /* FirebaseDatabase in Frameworks */,
				A1AC1FE42AE39E4400882C62 /* FirebaseFunctionsCombine-Community in Frameworks */,
				A1AC1FDC2AE39E4400882C62 /* FirebaseFirestore in Frameworks */,
				A1AC1FC82AE39E4400882C62 /* FirebaseAnalyticsSwift in Frameworks */,
				A1AC1FC42AE39E4400882C62 /* FirebaseAnalytics in Frameworks */,
				A1AC1FC62AE39E4400882C62 /* FirebaseAnalyticsOnDeviceConversion in Frameworks */,
				A1AC1FEC2AE39E4400882C62 /* FirebaseMLModelDownloader in Frameworks */,
				A1AC1FE02AE39E4400882C62 /* FirebaseFirestoreSwift in Frameworks */,
				A1AC1FCC2AE39E4400882C62 /* FirebaseAppCheck in Frameworks */,
				A1AC1FCA2AE39E4400882C62 /* FirebaseAnalyticsWithoutAdIdSupport in Frameworks */,
				A1AC1FD02AE39E4400882C62 /* FirebaseAuth in Frameworks */,
				A1AC1FD42AE39E4400882C62 /* FirebaseCrashlytics in Frameworks */,
				A1AC1FF42AE39E4400882C62 /* FirebaseRemoteConfigSwift in Frameworks */,
				A1AC1FE62AE39E4400882C62 /* FirebaseInAppMessaging-Beta in Frameworks */,
				A1AC1FD82AE39E4400882C62 /* FirebaseDatabaseSwift in Frameworks */,
				A1AC1FE22AE39E4400882C62 /* FirebaseFunctions in Frameworks */,
				A17993DB2AE6BD8A0010CABE /* Kingfisher in Frameworks */,
				A1AC1FF82AE39E4400882C62 /* FirebaseStorageCombine-Community in Frameworks */,
				A1AC1FF22AE39E4400882C62 /* FirebaseRemoteConfig in Frameworks */,
				A1AC1FCE2AE39E4400882C62 /* FirebaseAppDistribution-Beta in Frameworks */,
				A1AC1FD22AE39E4400882C62 /* FirebaseAuthCombine-Community in Frameworks */,
				A1AC1FF02AE39E4400882C62 /* FirebasePerformance in Frameworks */,
				A1AC1FE82AE39E4400882C62 /* FirebaseInAppMessagingSwift-Beta in Frameworks */,
				A1AC1FF62AE39E4400882C62 /* FirebaseStorage in Frameworks */,
				A1AC1FDA2AE39E4400882C62 /* FirebaseDynamicLinks in Frameworks */,
				A1AC1FDE2AE39E4400882C62 /* FirebaseFirestoreCombine-Community in Frameworks */,
				A1AC1FEE2AE39E4400882C62 /* FirebaseMessaging in Frameworks */,
				A1AC1FEA2AE39E4400882C62 /* FirebaseInstallations in Frameworks */,
			);
			runOnlyForDeploymentPostprocessing = 0;
		};
/* End PBXFrameworksBuildPhase section */

/* Begin PBXGroup section */
		A104971B2AE2A06D000C01E0 /* Model */ = {
			isa = PBXGroup;
			children = (
				A104971C2AE2A07C000C01E0 /* ProfileThreadFilter.swift */,
			);
			path = Model;
			sourceTree = "<group>";
		};
		A1144FB82AE529D10010CFC8 /* ViewModel */ = {
			isa = PBXGroup;
			children = (
				A1144FB92AE529E30010CFC8 /* ExploreViewModel.swift */,
			);
			path = ViewModel;
			sourceTree = "<group>";
		};
		A1144FBD2AE5318D0010CFC8 /* CurrentUserProfile */ = {
			isa = PBXGroup;
			children = (
				A1144FC12AE531F70010CFC8 /* ViewModel */,
				A1144FBE2AE531A20010CFC8 /* View */,
			);
			path = CurrentUserProfile;
			sourceTree = "<group>";
		};
		A1144FBE2AE531A20010CFC8 /* View */ = {
			isa = PBXGroup;
			children = (
				A1144FBF2AE531AF0010CFC8 /* CurrentUserProfileView.swift */,
			);
			path = View;
			sourceTree = "<group>";
		};
		A1144FC12AE531F70010CFC8 /* ViewModel */ = {
			isa = PBXGroup;
			children = (
				A176E27F2AE3F0D2007F611A /* CurrentUserProfileViewModel.swift */,
			);
			path = ViewModel;
			sourceTree = "<group>";
		};
		A1144FC22AE533FE0010CFC8 /* Components */ = {
			isa = PBXGroup;
			children = (
				A1144FC32AE534140010CFC8 /* ProfileHeaderView.swift */,
				A1144FC72AE5387E0010CFC8 /* UserContentListView.swift */,
			);
			path = Components;
			sourceTree = "<group>";
		};
		A1344F762ADFB5C10091C262 /* Feed */ = {
			isa = PBXGroup;
			children = (
				A1344F772ADFB5C70091C262 /* Views */,
			);
			path = Feed;
			sourceTree = "<group>";
		};
		A1344F772ADFB5C70091C262 /* Views */ = {
			isa = PBXGroup;
			children = (
				A1344F782ADFB5D10091C262 /* FeedView.swift */,
				A19A2F102AE2634E00DECE83 /* ThreadCell.swift */,
			);
			path = Views;
			sourceTree = "<group>";
		};
		A1344F7A2ADFB6170091C262 /* Explore */ = {
			isa = PBXGroup;
			children = (
				A1344F7B2ADFB6280091C262 /* Views */,
				A1144FB82AE529D10010CFC8 /* ViewModel */,
			);
			path = Explore;
			sourceTree = "<group>";
		};
		A1344F7B2ADFB6280091C262 /* Views */ = {
			isa = PBXGroup;
			children = (
				A1344F882ADFB6D20091C262 /* ExploreView.swift */,
			);
			path = Views;
			sourceTree = "<group>";
		};
		A1344F7C2ADFB6490091C262 /* ThreadCreation */ = {
			isa = PBXGroup;
			children = (
				A1344F7D2ADFB64E0091C262 /* Views */,
			);
			path = ThreadCreation;
			sourceTree = "<group>";
		};
		A1344F7D2ADFB64E0091C262 /* Views */ = {
			isa = PBXGroup;
			children = (
				A1344F862ADFB6C10091C262 /* ThreadCreationView.swift */,
			);
			path = Views;
			sourceTree = "<group>";
		};
		A1344F7E2ADFB66F0091C262 /* Activity */ = {
			isa = PBXGroup;
			children = (
				A1344F7F2ADFB6780091C262 /* Views */,
			);
			path = Activity;
			sourceTree = "<group>";
		};
		A1344F7F2ADFB6780091C262 /* Views */ = {
			isa = PBXGroup;
			children = (
				A1344F842ADFB6AD0091C262 /* ActivityView.swift */,
			);
			path = Views;
			sourceTree = "<group>";
		};
		A1344F802ADFB6800091C262 /* Profile */ = {
			isa = PBXGroup;
			children = (
				A1144FC22AE533FE0010CFC8 /* Components */,
				A1144FBD2AE5318D0010CFC8 /* CurrentUserProfile */,
				A1D16F3F2AE2CF370043EF5E /* EditProfile */,
				A104971B2AE2A06D000C01E0 /* Model */,
				A1344F812ADFB6850091C262 /* UserProfile */,
			);
			path = Profile;
			sourceTree = "<group>";
		};
		A1344F812ADFB6850091C262 /* UserProfile */ = {
			isa = PBXGroup;
			children = (
				A1344F822ADFB6910091C262 /* ProfileView.swift */,
			);
			path = UserProfile;
			sourceTree = "<group>";
		};
		A13D05332AE272DF00B63045 /* Components */ = {
			isa = PBXGroup;
			children = (
				A13D05342AE2730800B63045 /* CircularImageProfileView.swift */,
				A13D05362AE2738100B63045 /* UserCell.swift */,
			);
			path = Components;
			sourceTree = "<group>";
		};
		A13F33322ADC339F00D2DEDE /* ViewModifiers */ = {
			isa = PBXGroup;
			children = (
				A13F33332ADC33E900D2DEDE /* ThreadsTextFieldModifiers.swift */,
			);
			path = ViewModifiers;
			sourceTree = "<group>";
		};
		A13F33352ADC360E00D2DEDE /* TabBar */ = {
			isa = PBXGroup;
			children = (
				A13F33362ADC36AE00D2DEDE /* ThreadsTabView.swift */,
			);
			path = TabBar;
			sourceTree = "<group>";
		};
		A17993D42AE6B5F90010CABE /* ViewModel */ = {
			isa = PBXGroup;
			children = (
				A17993D52AE6B6090010CABE /* EditProfileViewModel.swift */,
			);
			path = ViewModel;
			sourceTree = "<group>";
		};
		A1AC1FF92AE39FFF00882C62 /* ViewModel */ = {
			isa = PBXGroup;
			children = (
				A1AC1FFB2AE3A02900882C62 /* RegistrationViewModel.swift */,
				A1AC20032AE3A90000882C62 /* LoginViewModel.swift */,
			);
			path = ViewModel;
			sourceTree = "<group>";
		};
		A1AC1FFA2AE3A00D00882C62 /* Service */ = {
			isa = PBXGroup;
			children = (
				A1AC1FFD2AE3A11700882C62 /* AuthService.swift */,
			);
			path = Service;
			sourceTree = "<group>";
		};
		A1AC1FFF2AE3A52C00882C62 /* View */ = {
			isa = PBXGroup;
			children = (
			);
			path = View;
			sourceTree = "<group>";
		};
		A1AC20002AE3A52F00882C62 /* ViewModel */ = {
			isa = PBXGroup;
			children = (
				A1AC20012AE3A54D00882C62 /* ContentViewModel.swift */,
			);
			path = ViewModel;
			sourceTree = "<group>";
		};
		A1C88DC52ADBFB9300F475BB = {
			isa = PBXGroup;
			children = (
				A1C88DD02ADBFB9300F475BB /* Threads */,
				A1C88DCF2ADBFB9300F475BB /* Products */,
			);
			sourceTree = "<group>";
		};
		A1C88DCF2ADBFB9300F475BB /* Products */ = {
			isa = PBXGroup;
			children = (
				A1C88DCE2ADBFB9300F475BB /* Threads.app */,
			);
			name = Products;
			sourceTree = "<group>";
		};
		A1C88DD02ADBFB9300F475BB /* Threads */ = {
			isa = PBXGroup;
			children = (
				A1C88DDF2ADBFBA800F475BB /* App */,
				A1C88DE02ADBFBAE00F475BB /* Core */,
				A1C88DE12ADBFBB400F475BB /* Extenstions */,
				A1C88DE22ADBFBD400F475BB /* Models */,
				A1C88DE32ADBFBDD00F475BB /* Services */,
				A1C88DE42ADBFBEB00F475BB /* Utils */,
				A1C88DD52ADBFB9400F475BB /* Assets.xcassets */,
				A1AC1FC02AE39DB200882C62 /* GoogleService-Info.plist */,
				A1C88DD72ADBFB9400F475BB /* Preview Content */,
			);
			path = Threads;
			sourceTree = "<group>";
		};
		A1C88DD72ADBFB9400F475BB /* Preview Content */ = {
			isa = PBXGroup;
			children = (
				A1C88DD82ADBFB9400F475BB /* Preview Assets.xcassets */,
			);
			path = "Preview Content";
			sourceTree = "<group>";
		};
		A1C88DDF2ADBFBA800F475BB /* App */ = {
			isa = PBXGroup;
			children = (
				A1C88DD12ADBFB9300F475BB /* ThreadsApp.swift */,
			);
			path = App;
			sourceTree = "<group>";
		};
		A1C88DE02ADBFBAE00F475BB /* Core */ = {
			isa = PBXGroup;
			children = (
				A1344F7E2ADFB66F0091C262 /* Activity */,
				A1C88DE52ADBFBFC00F475BB /* Authentication */,
				A13D05332AE272DF00B63045 /* Components */,
				A1344F7A2ADFB6170091C262 /* Explore */,
				A1344F762ADFB5C10091C262 /* Feed */,
				A1344F802ADFB6800091C262 /* Profile */,
				A1C88DE62ADBFC1700F475BB /* Root */,
				A13F33352ADC360E00D2DEDE /* TabBar */,
				A1344F7C2ADFB6490091C262 /* ThreadCreation */,
			);
			path = Core;
			sourceTree = "<group>";
		};
		A1C88DE12ADBFBB400F475BB /* Extenstions */ = {
			isa = PBXGroup;
			children = (
				A1144FBB2AE52B630010CFC8 /* PreviewProvider.swift */,
			);
			path = Extenstions;
			sourceTree = "<group>";
		};
		A1C88DE22ADBFBD400F475BB /* Models */ = {
			isa = PBXGroup;
			children = (
				A176E27A2AE3EC6B007F611A /* User.swift */,
			);
			path = Models;
			sourceTree = "<group>";
		};
		A1C88DE32ADBFBDD00F475BB /* Services */ = {
			isa = PBXGroup;
			children = (
				A176E27C2AE3EF9B007F611A /* UserService.swift */,
				A17993D72AE6B8030010CABE /* ImageUploader.swift */,
			);
			path = Services;
			sourceTree = "<group>";
		};
		A1C88DE42ADBFBEB00F475BB /* Utils */ = {
			isa = PBXGroup;
			children = (
				A13F33322ADC339F00D2DEDE /* ViewModifiers */,
			);
			path = Utils;
			sourceTree = "<group>";
		};
		A1C88DE52ADBFBFC00F475BB /* Authentication */ = {
			isa = PBXGroup;
			children = (
				A1AC1FFA2AE3A00D00882C62 /* Service */,
				A1AC1FF92AE39FFF00882C62 /* ViewModel */,
				A1C88DE72ADBFC3500F475BB /* Views */,
			);
			path = Authentication;
			sourceTree = "<group>";
		};
		A1C88DE62ADBFC1700F475BB /* Root */ = {
			isa = PBXGroup;
			children = (
				A1AC20002AE3A52F00882C62 /* ViewModel */,
				A1AC1FFF2AE3A52C00882C62 /* View */,
				A1C88DD32ADBFB9300F475BB /* ContentView.swift */,
			);
			path = Root;
			sourceTree = "<group>";
		};
		A1C88DE72ADBFC3500F475BB /* Views */ = {
			isa = PBXGroup;
			children = (
				A1C88DE82ADBFC4D00F475BB /* LoginView.swift */,
				A13F33302ADC309F00D2DEDE /* RegistrationView.swift */,
			);
			path = Views;
			sourceTree = "<group>";
		};
		A1D16F3F2AE2CF370043EF5E /* EditProfile */ = {
			isa = PBXGroup;
			children = (
				A17993D42AE6B5F90010CABE /* ViewModel */,
				A1D16F402AE2D0250043EF5E /* Views */,
			);
			path = EditProfile;
			sourceTree = "<group>";
		};
		A1D16F402AE2D0250043EF5E /* Views */ = {
			isa = PBXGroup;
			children = (
				A1D16F422AE2D0340043EF5E /* EditProfileView.swift */,
			);
			path = Views;
			sourceTree = "<group>";
		};
/* End PBXGroup section */

/* Begin PBXNativeTarget section */
		A1C88DCD2ADBFB9300F475BB /* Threads */ = {
			isa = PBXNativeTarget;
			buildConfigurationList = A1C88DDC2ADBFB9400F475BB /* Build configuration list for PBXNativeTarget "Threads" */;
			buildPhases = (
				A1C88DCA2ADBFB9300F475BB /* Sources */,
				A1C88DCB2ADBFB9300F475BB /* Frameworks */,
				A1C88DCC2ADBFB9300F475BB /* Resources */,
			);
			buildRules = (
			);
			dependencies = (
			);
			name = Threads;
			packageProductDependencies = (
				A1AC1FC32AE39E4400882C62 /* FirebaseAnalytics */,
				A1AC1FC52AE39E4400882C62 /* FirebaseAnalyticsOnDeviceConversion */,
				A1AC1FC72AE39E4400882C62 /* FirebaseAnalyticsSwift */,
				A1AC1FC92AE39E4400882C62 /* FirebaseAnalyticsWithoutAdIdSupport */,
				A1AC1FCB2AE39E4400882C62 /* FirebaseAppCheck */,
				A1AC1FCD2AE39E4400882C62 /* FirebaseAppDistribution-Beta */,
				A1AC1FCF2AE39E4400882C62 /* FirebaseAuth */,
				A1AC1FD12AE39E4400882C62 /* FirebaseAuthCombine-Community */,
				A1AC1FD32AE39E4400882C62 /* FirebaseCrashlytics */,
				A1AC1FD52AE39E4400882C62 /* FirebaseDatabase */,
				A1AC1FD72AE39E4400882C62 /* FirebaseDatabaseSwift */,
				A1AC1FD92AE39E4400882C62 /* FirebaseDynamicLinks */,
				A1AC1FDB2AE39E4400882C62 /* FirebaseFirestore */,
				A1AC1FDD2AE39E4400882C62 /* FirebaseFirestoreCombine-Community */,
				A1AC1FDF2AE39E4400882C62 /* FirebaseFirestoreSwift */,
				A1AC1FE12AE39E4400882C62 /* FirebaseFunctions */,
				A1AC1FE32AE39E4400882C62 /* FirebaseFunctionsCombine-Community */,
				A1AC1FE52AE39E4400882C62 /* FirebaseInAppMessaging-Beta */,
				A1AC1FE72AE39E4400882C62 /* FirebaseInAppMessagingSwift-Beta */,
				A1AC1FE92AE39E4400882C62 /* FirebaseInstallations */,
				A1AC1FEB2AE39E4400882C62 /* FirebaseMLModelDownloader */,
				A1AC1FED2AE39E4400882C62 /* FirebaseMessaging */,
				A1AC1FEF2AE39E4400882C62 /* FirebasePerformance */,
				A1AC1FF12AE39E4400882C62 /* FirebaseRemoteConfig */,
				A1AC1FF32AE39E4400882C62 /* FirebaseRemoteConfigSwift */,
				A1AC1FF52AE39E4400882C62 /* FirebaseStorage */,
				A1AC1FF72AE39E4400882C62 /* FirebaseStorageCombine-Community */,
				A17993DA2AE6BD8A0010CABE /* Kingfisher */,
			);
			productName = Threads;
			productReference = A1C88DCE2ADBFB9300F475BB /* Threads.app */;
			productType = "com.apple.product-type.application";
		};
/* End PBXNativeTarget section */

/* Begin PBXProject section */
		A1C88DC62ADBFB9300F475BB /* Project object */ = {
			isa = PBXProject;
			attributes = {
				BuildIndependentTargetsInParallel = 1;
				LastSwiftUpdateCheck = 1500;
				LastUpgradeCheck = 1500;
				TargetAttributes = {
					A1C88DCD2ADBFB9300F475BB = {
						CreatedOnToolsVersion = 15.0;
					};
				};
			};
			buildConfigurationList = A1C88DC92ADBFB9300F475BB /* Build configuration list for PBXProject "Threads" */;
			compatibilityVersion = "Xcode 14.0";
			developmentRegion = en;
			hasScannedForEncodings = 0;
			knownRegions = (
				en,
				Base,
			);
			mainGroup = A1C88DC52ADBFB9300F475BB;
			packageReferences = (
				A1AC1FC22AE39E4400882C62 /* XCRemoteSwiftPackageReference "firebase-ios-sdk" */,
				A17993D92AE6BD8A0010CABE /* XCRemoteSwiftPackageReference "Kingfisher" */,
			);
			productRefGroup = A1C88DCF2ADBFB9300F475BB /* Products */;
			projectDirPath = "";
			projectRoot = "";
			targets = (
				A1C88DCD2ADBFB9300F475BB /* Threads */,
			);
		};
/* End PBXProject section */

/* Begin PBXResourcesBuildPhase section */
		A1C88DCC2ADBFB9300F475BB /* Resources */ = {
			isa = PBXResourcesBuildPhase;
			buildActionMask = 2147483647;
			files = (
				A1C88DD92ADBFB9400F475BB /* Preview Assets.xcassets in Resources */,
				A1C88DD62ADBFB9400F475BB /* Assets.xcassets in Resources */,
				A1AC1FC12AE39DB200882C62 /* GoogleService-Info.plist in Resources */,
			);
			runOnlyForDeploymentPostprocessing = 0;
		};
/* End PBXResourcesBuildPhase section */

/* Begin PBXSourcesBuildPhase section */
		A1C88DCA2ADBFB9300F475BB /* Sources */ = {
			isa = PBXSourcesBuildPhase;
			buildActionMask = 2147483647;
			files = (
				A13D05352AE2730800B63045 /* CircularImageProfileView.swift in Sources */,
				A1AC1FFC2AE3A02900882C62 /* RegistrationViewModel.swift in Sources */,
				A1344F892ADFB6D20091C262 /* ExploreView.swift in Sources */,
				A1AC1FFE2AE3A11800882C62 /* AuthService.swift in Sources */,
				A1144FBC2AE52B630010CFC8 /* PreviewProvider.swift in Sources */,
				A17993D62AE6B6090010CABE /* EditProfileViewModel.swift in Sources */,
				A1D16F432AE2D0340043EF5E /* EditProfileView.swift in Sources */,
				A1344F832ADFB6910091C262 /* ProfileView.swift in Sources */,
				A176E27D2AE3EF9B007F611A /* UserService.swift in Sources */,
				A1344F872ADFB6C10091C262 /* ThreadCreationView.swift in Sources */,
				A1144FC82AE5387E0010CFC8 /* UserContentListView.swift in Sources */,
				A19A2F112AE2634E00DECE83 /* ThreadCell.swift in Sources */,
				A1AC20042AE3A90000882C62 /* LoginViewModel.swift in Sources */,
				A1344F792ADFB5D10091C262 /* FeedView.swift in Sources */,
				A13D05372AE2738100B63045 /* UserCell.swift in Sources */,
				A1144FBA2AE529E30010CFC8 /* ExploreViewModel.swift in Sources */,
				A1C88DE92ADBFC4D00F475BB /* LoginView.swift in Sources */,
				A17993D82AE6B8030010CABE /* ImageUploader.swift in Sources */,
				A104971D2AE2A07C000C01E0 /* ProfileThreadFilter.swift in Sources */,
				A1AC20022AE3A54D00882C62 /* ContentViewModel.swift in Sources */,
				A176E2802AE3F0D2007F611A /* CurrentUserProfileViewModel.swift in Sources */,
				A1C88DD42ADBFB9300F475BB /* ContentView.swift in Sources */,
				A1144FC02AE531AF0010CFC8 /* CurrentUserProfileView.swift in Sources */,
				A13F33372ADC36AE00D2DEDE /* ThreadsTabView.swift in Sources */,
				A1344F852ADFB6AD0091C262 /* ActivityView.swift in Sources */,
				A1144FC42AE534140010CFC8 /* ProfileHeaderView.swift in Sources */,
				A13F33342ADC33E900D2DEDE /* ThreadsTextFieldModifiers.swift in Sources */,
				A1C88DD22ADBFB9300F475BB /* ThreadsApp.swift in Sources */,
				A13F33312ADC309F00D2DEDE /* RegistrationView.swift in Sources */,
				A176E27B2AE3EC6B007F611A /* User.swift in Sources */,
			);
			runOnlyForDeploymentPostprocessing = 0;
		};
/* End PBXSourcesBuildPhase section */

/* Begin XCBuildConfiguration section */
		A1C88DDA2ADBFB9400F475BB /* Debug */ = {
			isa = XCBuildConfiguration;
			buildSettings = {
				ALWAYS_SEARCH_USER_PATHS = NO;
				ASSETCATALOG_COMPILER_GENERATE_SWIFT_ASSET_SYMBOL_EXTENSIONS = YES;
				CLANG_ANALYZER_NONNULL = YES;
				CLANG_ANALYZER_NUMBER_OBJECT_CONVERSION = YES_AGGRESSIVE;
				CLANG_CXX_LANGUAGE_STANDARD = "gnu++20";
				CLANG_ENABLE_MODULES = YES;
				CLANG_ENABLE_OBJC_ARC = YES;
				CLANG_ENABLE_OBJC_WEAK = YES;
				CLANG_WARN_BLOCK_CAPTURE_AUTORELEASING = YES;
				CLANG_WARN_BOOL_CONVERSION = YES;
				CLANG_WARN_COMMA = YES;
				CLANG_WARN_CONSTANT_CONVERSION = YES;
				CLANG_WARN_DEPRECATED_OBJC_IMPLEMENTATIONS = YES;
				CLANG_WARN_DIRECT_OBJC_ISA_USAGE = YES_ERROR;
				CLANG_WARN_DOCUMENTATION_COMMENTS = YES;
				CLANG_WARN_EMPTY_BODY = YES;
				CLANG_WARN_ENUM_CONVERSION = YES;
				CLANG_WARN_INFINITE_RECURSION = YES;
				CLANG_WARN_INT_CONVERSION = YES;
				CLANG_WARN_NON_LITERAL_NULL_CONVERSION = YES;
				CLANG_WARN_OBJC_IMPLICIT_RETAIN_SELF = YES;
				CLANG_WARN_OBJC_LITERAL_CONVERSION = YES;
				CLANG_WARN_OBJC_ROOT_CLASS = YES_ERROR;
				CLANG_WARN_QUOTED_INCLUDE_IN_FRAMEWORK_HEADER = YES;
				CLANG_WARN_RANGE_LOOP_ANALYSIS = YES;
				CLANG_WARN_STRICT_PROTOTYPES = YES;
				CLANG_WARN_SUSPICIOUS_MOVE = YES;
				CLANG_WARN_UNGUARDED_AVAILABILITY = YES_AGGRESSIVE;
				CLANG_WARN_UNREACHABLE_CODE = YES;
				CLANG_WARN__DUPLICATE_METHOD_MATCH = YES;
				COPY_PHASE_STRIP = NO;
				DEBUG_INFORMATION_FORMAT = dwarf;
				ENABLE_STRICT_OBJC_MSGSEND = YES;
				ENABLE_TESTABILITY = YES;
				ENABLE_USER_SCRIPT_SANDBOXING = YES;
				GCC_C_LANGUAGE_STANDARD = gnu17;
				GCC_DYNAMIC_NO_PIC = NO;
				GCC_NO_COMMON_BLOCKS = YES;
				GCC_OPTIMIZATION_LEVEL = 0;
				GCC_PREPROCESSOR_DEFINITIONS = (
					"DEBUG=1",
					"$(inherited)",
				);
				GCC_WARN_64_TO_32_BIT_CONVERSION = YES;
				GCC_WARN_ABOUT_RETURN_TYPE = YES_ERROR;
				GCC_WARN_UNDECLARED_SELECTOR = YES;
				GCC_WARN_UNINITIALIZED_AUTOS = YES_AGGRESSIVE;
				GCC_WARN_UNUSED_FUNCTION = YES;
				GCC_WARN_UNUSED_VARIABLE = YES;
				IPHONEOS_DEPLOYMENT_TARGET = 17.0;
				LOCALIZATION_PREFERS_STRING_CATALOGS = YES;
				MTL_ENABLE_DEBUG_INFO = INCLUDE_SOURCE;
				MTL_FAST_MATH = YES;
				ONLY_ACTIVE_ARCH = YES;
				SDKROOT = iphoneos;
				SWIFT_ACTIVE_COMPILATION_CONDITIONS = "DEBUG $(inherited)";
				SWIFT_OPTIMIZATION_LEVEL = "-Onone";
			};
			name = Debug;
		};
		A1C88DDB2ADBFB9400F475BB /* Release */ = {
			isa = XCBuildConfiguration;
			buildSettings = {
				ALWAYS_SEARCH_USER_PATHS = NO;
				ASSETCATALOG_COMPILER_GENERATE_SWIFT_ASSET_SYMBOL_EXTENSIONS = YES;
				CLANG_ANALYZER_NONNULL = YES;
				CLANG_ANALYZER_NUMBER_OBJECT_CONVERSION = YES_AGGRESSIVE;
				CLANG_CXX_LANGUAGE_STANDARD = "gnu++20";
				CLANG_ENABLE_MODULES = YES;
				CLANG_ENABLE_OBJC_ARC = YES;
				CLANG_ENABLE_OBJC_WEAK = YES;
				CLANG_WARN_BLOCK_CAPTURE_AUTORELEASING = YES;
				CLANG_WARN_BOOL_CONVERSION = YES;
				CLANG_WARN_COMMA = YES;
				CLANG_WARN_CONSTANT_CONVERSION = YES;
				CLANG_WARN_DEPRECATED_OBJC_IMPLEMENTATIONS = YES;
				CLANG_WARN_DIRECT_OBJC_ISA_USAGE = YES_ERROR;
				CLANG_WARN_DOCUMENTATION_COMMENTS = YES;
				CLANG_WARN_EMPTY_BODY = YES;
				CLANG_WARN_ENUM_CONVERSION = YES;
				CLANG_WARN_INFINITE_RECURSION = YES;
				CLANG_WARN_INT_CONVERSION = YES;
				CLANG_WARN_NON_LITERAL_NULL_CONVERSION = YES;
				CLANG_WARN_OBJC_IMPLICIT_RETAIN_SELF = YES;
				CLANG_WARN_OBJC_LITERAL_CONVERSION = YES;
				CLANG_WARN_OBJC_ROOT_CLASS = YES_ERROR;
				CLANG_WARN_QUOTED_INCLUDE_IN_FRAMEWORK_HEADER = YES;
				CLANG_WARN_RANGE_LOOP_ANALYSIS = YES;
				CLANG_WARN_STRICT_PROTOTYPES = YES;
				CLANG_WARN_SUSPICIOUS_MOVE = YES;
				CLANG_WARN_UNGUARDED_AVAILABILITY = YES_AGGRESSIVE;
				CLANG_WARN_UNREACHABLE_CODE = YES;
				CLANG_WARN__DUPLICATE_METHOD_MATCH = YES;
				COPY_PHASE_STRIP = NO;
				DEBUG_INFORMATION_FORMAT = "dwarf-with-dsym";
				ENABLE_NS_ASSERTIONS = NO;
				ENABLE_STRICT_OBJC_MSGSEND = YES;
				ENABLE_USER_SCRIPT_SANDBOXING = YES;
				GCC_C_LANGUAGE_STANDARD = gnu17;
				GCC_NO_COMMON_BLOCKS = YES;
				GCC_WARN_64_TO_32_BIT_CONVERSION = YES;
				GCC_WARN_ABOUT_RETURN_TYPE = YES_ERROR;
				GCC_WARN_UNDECLARED_SELECTOR = YES;
				GCC_WARN_UNINITIALIZED_AUTOS = YES_AGGRESSIVE;
				GCC_WARN_UNUSED_FUNCTION = YES;
				GCC_WARN_UNUSED_VARIABLE = YES;
				IPHONEOS_DEPLOYMENT_TARGET = 17.0;
				LOCALIZATION_PREFERS_STRING_CATALOGS = YES;
				MTL_ENABLE_DEBUG_INFO = NO;
				MTL_FAST_MATH = YES;
				SDKROOT = iphoneos;
				SWIFT_COMPILATION_MODE = wholemodule;
				VALIDATE_PRODUCT = YES;
			};
			name = Release;
		};
		A1C88DDD2ADBFB9400F475BB /* Debug */ = {
			isa = XCBuildConfiguration;
			buildSettings = {
				ASSETCATALOG_COMPILER_APPICON_NAME = AppIcon;
				ASSETCATALOG_COMPILER_GLOBAL_ACCENT_COLOR_NAME = AccentColor;
				CODE_SIGN_STYLE = Automatic;
				CURRENT_PROJECT_VERSION = 1;
				DEVELOPMENT_ASSET_PATHS = "\"Threads/Preview Content\"";
				ENABLE_PREVIEWS = YES;
				GENERATE_INFOPLIST_FILE = YES;
				INFOPLIST_KEY_UIApplicationSceneManifest_Generation = YES;
				INFOPLIST_KEY_UIApplicationSupportsIndirectInputEvents = YES;
				INFOPLIST_KEY_UILaunchScreen_Generation = YES;
				INFOPLIST_KEY_UISupportedInterfaceOrientations_iPad = "UIInterfaceOrientationPortrait UIInterfaceOrientationPortraitUpsideDown UIInterfaceOrientationLandscapeLeft UIInterfaceOrientationLandscapeRight";
				INFOPLIST_KEY_UISupportedInterfaceOrientations_iPhone = "UIInterfaceOrientationPortrait UIInterfaceOrientationLandscapeLeft UIInterfaceOrientationLandscapeRight";
				LD_RUNPATH_SEARCH_PATHS = (
					"$(inherited)",
					"@executable_path/Frameworks",
				);
				MARKETING_VERSION = 1.0;
				PRODUCT_BUNDLE_IDENTIFIER = noorg.Threads;
				PRODUCT_NAME = "$(TARGET_NAME)";
				SWIFT_EMIT_LOC_STRINGS = YES;
				SWIFT_VERSION = 5.0;
				TARGETED_DEVICE_FAMILY = "1,2";
			};
			name = Debug;
		};
		A1C88DDE2ADBFB9400F475BB /* Release */ = {
			isa = XCBuildConfiguration;
			buildSettings = {
				ASSETCATALOG_COMPILER_APPICON_NAME = AppIcon;
				ASSETCATALOG_COMPILER_GLOBAL_ACCENT_COLOR_NAME = AccentColor;
				CODE_SIGN_STYLE = Automatic;
				CURRENT_PROJECT_VERSION = 1;
				DEVELOPMENT_ASSET_PATHS = "\"Threads/Preview Content\"";
				ENABLE_PREVIEWS = YES;
				GENERATE_INFOPLIST_FILE = YES;
				INFOPLIST_KEY_UIApplicationSceneManifest_Generation = YES;
				INFOPLIST_KEY_UIApplicationSupportsIndirectInputEvents = YES;
				INFOPLIST_KEY_UILaunchScreen_Generation = YES;
				INFOPLIST_KEY_UISupportedInterfaceOrientations_iPad = "UIInterfaceOrientationPortrait UIInterfaceOrientationPortraitUpsideDown UIInterfaceOrientationLandscapeLeft UIInterfaceOrientationLandscapeRight";
				INFOPLIST_KEY_UISupportedInterfaceOrientations_iPhone = "UIInterfaceOrientationPortrait UIInterfaceOrientationLandscapeLeft UIInterfaceOrientationLandscapeRight";
				LD_RUNPATH_SEARCH_PATHS = (
					"$(inherited)",
					"@executable_path/Frameworks",
				);
				MARKETING_VERSION = 1.0;
				PRODUCT_BUNDLE_IDENTIFIER = noorg.Threads;
				PRODUCT_NAME = "$(TARGET_NAME)";
				SWIFT_EMIT_LOC_STRINGS = YES;
				SWIFT_VERSION = 5.0;
				TARGETED_DEVICE_FAMILY = "1,2";
			};
			name = Release;
		};
/* End XCBuildConfiguration section */

/* Begin XCConfigurationList section */
		A1C88DC92ADBFB9300F475BB /* Build configuration list for PBXProject "Threads" */ = {
			isa = XCConfigurationList;
			buildConfigurations = (
				A1C88DDA2ADBFB9400F475BB /* Debug */,
				A1C88DDB2ADBFB9400F475BB /* Release */,
			);
			defaultConfigurationIsVisible = 0;
			defaultConfigurationName = Release;
		};
		A1C88DDC2ADBFB9400F475BB /* Build configuration list for PBXNativeTarget "Threads" */ = {
			isa = XCConfigurationList;
			buildConfigurations = (
				A1C88DDD2ADBFB9400F475BB /* Debug */,
				A1C88DDE2ADBFB9400F475BB /* Release */,
			);
			defaultConfigurationIsVisible = 0;
			defaultConfigurationName = Release;
		};
/* End XCConfigurationList section */

/* Begin XCRemoteSwiftPackageReference section */
		A17993D92AE6BD8A0010CABE /* XCRemoteSwiftPackageReference "Kingfisher" */ = {
			isa = XCRemoteSwiftPackageReference;
			repositoryURL = "https://github.com/onevcat/Kingfisher.git";
			requirement = {
				kind = upToNextMajorVersion;
				minimumVersion = 7.9.1;
			};
		};
		A1AC1FC22AE39E4400882C62 /* XCRemoteSwiftPackageReference "firebase-ios-sdk" */ = {
			isa = XCRemoteSwiftPackageReference;
			repositoryURL = "https://github.com/firebase/firebase-ios-sdk";
			requirement = {
				kind = upToNextMajorVersion;
				minimumVersion = 10.16.0;
			};
		};
/* End XCRemoteSwiftPackageReference section */

/* Begin XCSwiftPackageProductDependency section */
		A17993DA2AE6BD8A0010CABE /* Kingfisher */ = {
			isa = XCSwiftPackageProductDependency;
			package = A17993D92AE6BD8A0010CABE /* XCRemoteSwiftPackageReference "Kingfisher" */;
			productName = Kingfisher;
		};
		A1AC1FC32AE39E4400882C62 /* FirebaseAnalytics */ = {
			isa = XCSwiftPackageProductDependency;
			package = A1AC1FC22AE39E4400882C62 /* XCRemoteSwiftPackageReference "firebase-ios-sdk" */;
			productName = FirebaseAnalytics;
		};
		A1AC1FC52AE39E4400882C62 /* FirebaseAnalyticsOnDeviceConversion */ = {
			isa = XCSwiftPackageProductDependency;
			package = A1AC1FC22AE39E4400882C62 /* XCRemoteSwiftPackageReference "firebase-ios-sdk" */;
			productName = FirebaseAnalyticsOnDeviceConversion;
		};
		A1AC1FC72AE39E4400882C62 /* FirebaseAnalyticsSwift */ = {
			isa = XCSwiftPackageProductDependency;
			package = A1AC1FC22AE39E4400882C62 /* XCRemoteSwiftPackageReference "firebase-ios-sdk" */;
			productName = FirebaseAnalyticsSwift;
		};
		A1AC1FC92AE39E4400882C62 /* FirebaseAnalyticsWithoutAdIdSupport */ = {
			isa = XCSwiftPackageProductDependency;
			package = A1AC1FC22AE39E4400882C62 /* XCRemoteSwiftPackageReference "firebase-ios-sdk" */;
			productName = FirebaseAnalyticsWithoutAdIdSupport;
		};
		A1AC1FCB2AE39E4400882C62 /* FirebaseAppCheck */ = {
			isa = XCSwiftPackageProductDependency;
			package = A1AC1FC22AE39E4400882C62 /* XCRemoteSwiftPackageReference "firebase-ios-sdk" */;
			productName = FirebaseAppCheck;
		};
		A1AC1FCD2AE39E4400882C62 /* FirebaseAppDistribution-Beta */ = {
			isa = XCSwiftPackageProductDependency;
			package = A1AC1FC22AE39E4400882C62 /* XCRemoteSwiftPackageReference "firebase-ios-sdk" */;
			productName = "FirebaseAppDistribution-Beta";
		};
		A1AC1FCF2AE39E4400882C62 /* FirebaseAuth */ = {
			isa = XCSwiftPackageProductDependency;
			package = A1AC1FC22AE39E4400882C62 /* XCRemoteSwiftPackageReference "firebase-ios-sdk" */;
			productName = FirebaseAuth;
		};
		A1AC1FD12AE39E4400882C62 /* FirebaseAuthCombine-Community */ = {
			isa = XCSwiftPackageProductDependency;
			package = A1AC1FC22AE39E4400882C62 /* XCRemoteSwiftPackageReference "firebase-ios-sdk" */;
			productName = "FirebaseAuthCombine-Community";
		};
		A1AC1FD32AE39E4400882C62 /* FirebaseCrashlytics */ = {
			isa = XCSwiftPackageProductDependency;
			package = A1AC1FC22AE39E4400882C62 /* XCRemoteSwiftPackageReference "firebase-ios-sdk" */;
			productName = FirebaseCrashlytics;
		};
		A1AC1FD52AE39E4400882C62 /* FirebaseDatabase */ = {
			isa = XCSwiftPackageProductDependency;
			package = A1AC1FC22AE39E4400882C62 /* XCRemoteSwiftPackageReference "firebase-ios-sdk" */;
			productName = FirebaseDatabase;
		};
		A1AC1FD72AE39E4400882C62 /* FirebaseDatabaseSwift */ = {
			isa = XCSwiftPackageProductDependency;
			package = A1AC1FC22AE39E4400882C62 /* XCRemoteSwiftPackageReference "firebase-ios-sdk" */;
			productName = FirebaseDatabaseSwift;
		};
		A1AC1FD92AE39E4400882C62 /* FirebaseDynamicLinks */ = {
			isa = XCSwiftPackageProductDependency;
			package = A1AC1FC22AE39E4400882C62 /* XCRemoteSwiftPackageReference "firebase-ios-sdk" */;
			productName = FirebaseDynamicLinks;
		};
		A1AC1FDB2AE39E4400882C62 /* FirebaseFirestore */ = {
			isa = XCSwiftPackageProductDependency;
			package = A1AC1FC22AE39E4400882C62 /* XCRemoteSwiftPackageReference "firebase-ios-sdk" */;
			productName = FirebaseFirestore;
		};
		A1AC1FDD2AE39E4400882C62 /* FirebaseFirestoreCombine-Community */ = {
			isa = XCSwiftPackageProductDependency;
			package = A1AC1FC22AE39E4400882C62 /* XCRemoteSwiftPackageReference "firebase-ios-sdk" */;
			productName = "FirebaseFirestoreCombine-Community";
		};
		A1AC1FDF2AE39E4400882C62 /* FirebaseFirestoreSwift */ = {
			isa = XCSwiftPackageProductDependency;
			package = A1AC1FC22AE39E4400882C62 /* XCRemoteSwiftPackageReference "firebase-ios-sdk" */;
			productName = FirebaseFirestoreSwift;
		};
		A1AC1FE12AE39E4400882C62 /* FirebaseFunctions */ = {
			isa = XCSwiftPackageProductDependency;
			package = A1AC1FC22AE39E4400882C62 /* XCRemoteSwiftPackageReference "firebase-ios-sdk" */;
			productName = FirebaseFunctions;
		};
		A1AC1FE32AE39E4400882C62 /* FirebaseFunctionsCombine-Community */ = {
			isa = XCSwiftPackageProductDependency;
			package = A1AC1FC22AE39E4400882C62 /* XCRemoteSwiftPackageReference "firebase-ios-sdk" */;
			productName = "FirebaseFunctionsCombine-Community";
		};
		A1AC1FE52AE39E4400882C62 /* FirebaseInAppMessaging-Beta */ = {
			isa = XCSwiftPackageProductDependency;
			package = A1AC1FC22AE39E4400882C62 /* XCRemoteSwiftPackageReference "firebase-ios-sdk" */;
			productName = "FirebaseInAppMessaging-Beta";
		};
		A1AC1FE72AE39E4400882C62 /* FirebaseInAppMessagingSwift-Beta */ = {
			isa = XCSwiftPackageProductDependency;
			package = A1AC1FC22AE39E4400882C62 /* XCRemoteSwiftPackageReference "firebase-ios-sdk" */;
			productName = "FirebaseInAppMessagingSwift-Beta";
		};
		A1AC1FE92AE39E4400882C62 /* FirebaseInstallations */ = {
			isa = XCSwiftPackageProductDependency;
			package = A1AC1FC22AE39E4400882C62 /* XCRemoteSwiftPackageReference "firebase-ios-sdk" */;
			productName = FirebaseInstallations;
		};
		A1AC1FEB2AE39E4400882C62 /* FirebaseMLModelDownloader */ = {
			isa = XCSwiftPackageProductDependency;
			package = A1AC1FC22AE39E4400882C62 /* XCRemoteSwiftPackageReference "firebase-ios-sdk" */;
			productName = FirebaseMLModelDownloader;
		};
		A1AC1FED2AE39E4400882C62 /* FirebaseMessaging */ = {
			isa = XCSwiftPackageProductDependency;
			package = A1AC1FC22AE39E4400882C62 /* XCRemoteSwiftPackageReference "firebase-ios-sdk" */;
			productName = FirebaseMessaging;
		};
		A1AC1FEF2AE39E4400882C62 /* FirebasePerformance */ = {
			isa = XCSwiftPackageProductDependency;
			package = A1AC1FC22AE39E4400882C62 /* XCRemoteSwiftPackageReference "firebase-ios-sdk" */;
			productName = FirebasePerformance;
		};
		A1AC1FF12AE39E4400882C62 /* FirebaseRemoteConfig */ = {
			isa = XCSwiftPackageProductDependency;
			package = A1AC1FC22AE39E4400882C62 /* XCRemoteSwiftPackageReference "firebase-ios-sdk" */;
			productName = FirebaseRemoteConfig;
		};
		A1AC1FF32AE39E4400882C62 /* FirebaseRemoteConfigSwift */ = {
			isa = XCSwiftPackageProductDependency;
			package = A1AC1FC22AE39E4400882C62 /* XCRemoteSwiftPackageReference "firebase-ios-sdk" */;
			productName = FirebaseRemoteConfigSwift;
		};
		A1AC1FF52AE39E4400882C62 /* FirebaseStorage */ = {
			isa = XCSwiftPackageProductDependency;
			package = A1AC1FC22AE39E4400882C62 /* XCRemoteSwiftPackageReference "firebase-ios-sdk" */;
			productName = FirebaseStorage;
		};
		A1AC1FF72AE39E4400882C62 /* FirebaseStorageCombine-Community */ = {
			isa = XCSwiftPackageProductDependency;
			package = A1AC1FC22AE39E4400882C62 /* XCRemoteSwiftPackageReference "firebase-ios-sdk" */;
			productName = "FirebaseStorageCombine-Community";
		};
/* End XCSwiftPackageProductDependency section */
	};
	rootObject = A1C88DC62ADBFB9300F475BB /* Project object */;
}
