// !$*UTF8*$!
{
	archiveVersion = 1;
	classes = {
	};
	objectVersion = 56;
	objects = {

/* Begin PBXBuildFile section */
		A104971D2AE2A07C000C01E0 /* ProfileThreadFilter.swift in Sources */ = {isa = PBXBuildFile; fileRef = A104971C2AE2A07C000C01E0 /* ProfileThreadFilter.swift */; };
		A1344F792ADFB5D10091C262 /* FeedView.swift in Sources */ = {isa = PBXBuildFile; fileRef = A1344F782ADFB5D10091C262 /* FeedView.swift */; };
		A1344F832ADFB6910091C262 /* ProfileView.swift in Sources */ = {isa = PBXBuildFile; fileRef = A1344F822ADFB6910091C262 /* ProfileView.swift */; };
		A1344F852ADFB6AD0091C262 /* ActivityView.swift in Sources */ = {isa = PBXBuildFile; fileRef = A1344F842ADFB6AD0091C262 /* ActivityView.swift */; };
		A1344F872ADFB6C10091C262 /* ThreadCreationView.swift in Sources */ = {isa = PBXBuildFile; fileRef = A1344F862ADFB6C10091C262 /* ThreadCreationView.swift */; };
		A1344F892ADFB6D20091C262 /* ExploreView.swift in Sources */ = {isa = PBXBuildFile; fileRef = A1344F882ADFB6D20091C262 /* ExploreView.swift */; };
		A13D05352AE2730800B63045 /* CircularImageProfileView.swift in Sources */ = {isa = PBXBuildFile; fileRef = A13D05342AE2730800B63045 /* CircularImageProfileView.swift */; };
		A13D05372AE2738100B63045 /* UserCell.swift in Sources */ = {isa = PBXBuildFile; fileRef = A13D05362AE2738100B63045 /* UserCell.swift */; };
		A13F33312ADC309F00D2DEDE /* RegistrationView.swift in Sources */ = {isa = PBXBuildFile; fileRef = A13F33302ADC309F00D2DEDE /* RegistrationView.swift */; };
		A13F33342ADC33E900D2DEDE /* ThreadsTextFieldModifiers.swift in Sources */ = {isa = PBXBuildFile; fileRef = A13F33332ADC33E900D2DEDE /* ThreadsTextFieldModifiers.swift */; };
		A13F33372ADC36AE00D2DEDE /* ThreadsTabView.swift in Sources */ = {isa = PBXBuildFile; fileRef = A13F33362ADC36AE00D2DEDE /* ThreadsTabView.swift */; };
		A19A2F112AE2634E00DECE83 /* ThreadCell.swift in Sources */ = {isa = PBXBuildFile; fileRef = A19A2F102AE2634E00DECE83 /* ThreadCell.swift */; };
		A1C88DD22ADBFB9300F475BB /* ThreadsApp.swift in Sources */ = {isa = PBXBuildFile; fileRef = A1C88DD12ADBFB9300F475BB /* ThreadsApp.swift */; };
		A1C88DD42ADBFB9300F475BB /* ContentView.swift in Sources */ = {isa = PBXBuildFile; fileRef = A1C88DD32ADBFB9300F475BB /* ContentView.swift */; };
		A1C88DD62ADBFB9400F475BB /* Assets.xcassets in Resources */ = {isa = PBXBuildFile; fileRef = A1C88DD52ADBFB9400F475BB /* Assets.xcassets */; };
		A1C88DD92ADBFB9400F475BB /* Preview Assets.xcassets in Resources */ = {isa = PBXBuildFile; fileRef = A1C88DD82ADBFB9400F475BB /* Preview Assets.xcassets */; };
		A1C88DE92ADBFC4D00F475BB /* LoginView.swift in Sources */ = {isa = PBXBuildFile; fileRef = A1C88DE82ADBFC4D00F475BB /* LoginView.swift */; };
		A1D16F432AE2D0340043EF5E /* EditProfileView.swift in Sources */ = {isa = PBXBuildFile; fileRef = A1D16F422AE2D0340043EF5E /* EditProfileView.swift */; };
/* End PBXBuildFile section */

/* Begin PBXFileReference section */
		A104971C2AE2A07C000C01E0 /* ProfileThreadFilter.swift */ = {isa = PBXFileReference; lastKnownFileType = sourcecode.swift; path = ProfileThreadFilter.swift; sourceTree = "<group>"; };
		A1344F782ADFB5D10091C262 /* FeedView.swift */ = {isa = PBXFileReference; lastKnownFileType = sourcecode.swift; path = FeedView.swift; sourceTree = "<group>"; };
		A1344F822ADFB6910091C262 /* ProfileView.swift */ = {isa = PBXFileReference; lastKnownFileType = sourcecode.swift; path = ProfileView.swift; sourceTree = "<group>"; };
		A1344F842ADFB6AD0091C262 /* ActivityView.swift */ = {isa = PBXFileReference; lastKnownFileType = sourcecode.swift; path = ActivityView.swift; sourceTree = "<group>"; };
		A1344F862ADFB6C10091C262 /* ThreadCreationView.swift */ = {isa = PBXFileReference; lastKnownFileType = sourcecode.swift; path = ThreadCreationView.swift; sourceTree = "<group>"; };
		A1344F882ADFB6D20091C262 /* ExploreView.swift */ = {isa = PBXFileReference; lastKnownFileType = sourcecode.swift; path = ExploreView.swift; sourceTree = "<group>"; };
		A13D05342AE2730800B63045 /* CircularImageProfileView.swift */ = {isa = PBXFileReference; lastKnownFileType = sourcecode.swift; path = CircularImageProfileView.swift; sourceTree = "<group>"; };
		A13D05362AE2738100B63045 /* UserCell.swift */ = {isa = PBXFileReference; lastKnownFileType = sourcecode.swift; path = UserCell.swift; sourceTree = "<group>"; };
		A13F33302ADC309F00D2DEDE /* RegistrationView.swift */ = {isa = PBXFileReference; lastKnownFileType = sourcecode.swift; path = RegistrationView.swift; sourceTree = "<group>"; };
		A13F33332ADC33E900D2DEDE /* ThreadsTextFieldModifiers.swift */ = {isa = PBXFileReference; lastKnownFileType = sourcecode.swift; path = ThreadsTextFieldModifiers.swift; sourceTree = "<group>"; };
		A13F33362ADC36AE00D2DEDE /* ThreadsTabView.swift */ = {isa = PBXFileReference; lastKnownFileType = sourcecode.swift; path = ThreadsTabView.swift; sourceTree = "<group>"; };
		A19A2F102AE2634E00DECE83 /* ThreadCell.swift */ = {isa = PBXFileReference; lastKnownFileType = sourcecode.swift; path = ThreadCell.swift; sourceTree = "<group>"; };
		A1C88DCE2ADBFB9300F475BB /* Threads.app */ = {isa = PBXFileReference; explicitFileType = wrapper.application; includeInIndex = 0; path = Threads.app; sourceTree = BUILT_PRODUCTS_DIR; };
		A1C88DD12ADBFB9300F475BB /* ThreadsApp.swift */ = {isa = PBXFileReference; lastKnownFileType = sourcecode.swift; path = ThreadsApp.swift; sourceTree = "<group>"; };
		A1C88DD32ADBFB9300F475BB /* ContentView.swift */ = {isa = PBXFileReference; lastKnownFileType = sourcecode.swift; path = ContentView.swift; sourceTree = "<group>"; };
		A1C88DD52ADBFB9400F475BB /* Assets.xcassets */ = {isa = PBXFileReference; lastKnownFileType = folder.assetcatalog; path = Assets.xcassets; sourceTree = "<group>"; };
		A1C88DD82ADBFB9400F475BB /* Preview Assets.xcassets */ = {isa = PBXFileReference; lastKnownFileType = folder.assetcatalog; path = "Preview Assets.xcassets"; sourceTree = "<group>"; };
		A1C88DE82ADBFC4D00F475BB /* LoginView.swift */ = {isa = PBXFileReference; lastKnownFileType = sourcecode.swift; path = LoginView.swift; sourceTree = "<group>"; };
		A1D16F422AE2D0340043EF5E /* EditProfileView.swift */ = {isa = PBXFileReference; lastKnownFileType = sourcecode.swift; path = EditProfileView.swift; sourceTree = "<group>"; };
/* End PBXFileReference section */

/* Begin PBXFrameworksBuildPhase section */
		A1C88DCB2ADBFB9300F475BB /* Frameworks */ = {
			isa = PBXFrameworksBuildPhase;
			buildActionMask = 2147483647;
			files = (
			);
			runOnlyForDeploymentPostprocessing = 0;
		};
/* End PBXFrameworksBuildPhase section */

/* Begin PBXGroup section */
		A104971B2AE2A06D000C01E0 /* Model */ = {
			isa = PBXGroup;
			children = (
				A104971C2AE2A07C000C01E0 /* ProfileThreadFilter.swift */,
			);
			path = Model;
			sourceTree = "<group>";
		};
		A1344F762ADFB5C10091C262 /* Feed */ = {
			isa = PBXGroup;
			children = (
				A1344F772ADFB5C70091C262 /* Views */,
			);
			path = Feed;
			sourceTree = "<group>";
		};
		A1344F772ADFB5C70091C262 /* Views */ = {
			isa = PBXGroup;
			children = (
				A1344F782ADFB5D10091C262 /* FeedView.swift */,
				A19A2F102AE2634E00DECE83 /* ThreadCell.swift */,
			);
			path = Views;
			sourceTree = "<group>";
		};
		A1344F7A2ADFB6170091C262 /* Explore */ = {
			isa = PBXGroup;
			children = (
				A1344F7B2ADFB6280091C262 /* Views */,
			);
			path = Explore;
			sourceTree = "<group>";
		};
		A1344F7B2ADFB6280091C262 /* Views */ = {
			isa = PBXGroup;
			children = (
				A1344F882ADFB6D20091C262 /* ExploreView.swift */,
			);
			path = Views;
			sourceTree = "<group>";
		};
		A1344F7C2ADFB6490091C262 /* ThreadCreation */ = {
			isa = PBXGroup;
			children = (
				A1344F7D2ADFB64E0091C262 /* Views */,
			);
			path = ThreadCreation;
			sourceTree = "<group>";
		};
		A1344F7D2ADFB64E0091C262 /* Views */ = {
			isa = PBXGroup;
			children = (
				A1344F862ADFB6C10091C262 /* ThreadCreationView.swift */,
			);
			path = Views;
			sourceTree = "<group>";
		};
		A1344F7E2ADFB66F0091C262 /* Activity */ = {
			isa = PBXGroup;
			children = (
				A1344F7F2ADFB6780091C262 /* Views */,
			);
			path = Activity;
			sourceTree = "<group>";
		};
		A1344F7F2ADFB6780091C262 /* Views */ = {
			isa = PBXGroup;
			children = (
				A1344F842ADFB6AD0091C262 /* ActivityView.swift */,
			);
			path = Views;
			sourceTree = "<group>";
		};
		A1344F802ADFB6800091C262 /* Profile */ = {
			isa = PBXGroup;
			children = (
				A1D16F3F2AE2CF370043EF5E /* EditProfile */,
				A104971B2AE2A06D000C01E0 /* Model */,
				A1344F812ADFB6850091C262 /* Views */,
			);
			path = Profile;
			sourceTree = "<group>";
		};
		A1344F812ADFB6850091C262 /* Views */ = {
			isa = PBXGroup;
			children = (
				A1344F822ADFB6910091C262 /* ProfileView.swift */,
			);
			path = Views;
			sourceTree = "<group>";
		};
		A13D05332AE272DF00B63045 /* Components */ = {
			isa = PBXGroup;
			children = (
				A13D05342AE2730800B63045 /* CircularImageProfileView.swift */,
				A13D05362AE2738100B63045 /* UserCell.swift */,
			);
			path = Components;
			sourceTree = "<group>";
		};
		A13F33322ADC339F00D2DEDE /* ViewModifiers */ = {
			isa = PBXGroup;
			children = (
				A13F33332ADC33E900D2DEDE /* ThreadsTextFieldModifiers.swift */,
			);
			path = ViewModifiers;
			sourceTree = "<group>";
		};
		A13F33352ADC360E00D2DEDE /* TabBar */ = {
			isa = PBXGroup;
			children = (
				A13F33362ADC36AE00D2DEDE /* ThreadsTabView.swift */,
			);
			path = TabBar;
			sourceTree = "<group>";
		};
		A1C88DC52ADBFB9300F475BB = {
			isa = PBXGroup;
			children = (
				A1C88DD02ADBFB9300F475BB /* Threads */,
				A1C88DCF2ADBFB9300F475BB /* Products */,
			);
			sourceTree = "<group>";
		};
		A1C88DCF2ADBFB9300F475BB /* Products */ = {
			isa = PBXGroup;
			children = (
				A1C88DCE2ADBFB9300F475BB /* Threads.app */,
			);
			name = Products;
			sourceTree = "<group>";
		};
		A1C88DD02ADBFB9300F475BB /* Threads */ = {
			isa = PBXGroup;
			children = (
				A1C88DDF2ADBFBA800F475BB /* App */,
				A1C88DE02ADBFBAE00F475BB /* Core */,
				A1C88DE12ADBFBB400F475BB /* Extenstions */,
				A1C88DE22ADBFBD400F475BB /* Models */,
				A1C88DE32ADBFBDD00F475BB /* Services */,
				A1C88DE42ADBFBEB00F475BB /* Utils */,
				A1C88DD52ADBFB9400F475BB /* Assets.xcassets */,
				A1C88DD72ADBFB9400F475BB /* Preview Content */,
			);
			path = Threads;
			sourceTree = "<group>";
		};
		A1C88DD72ADBFB9400F475BB /* Preview Content */ = {
			isa = PBXGroup;
			children = (
				A1C88DD82ADBFB9400F475BB /* Preview Assets.xcassets */,
			);
			path = "Preview Content";
			sourceTree = "<group>";
		};
		A1C88DDF2ADBFBA800F475BB /* App */ = {
			isa = PBXGroup;
			children = (
				A1C88DD12ADBFB9300F475BB /* ThreadsApp.swift */,
			);
			path = App;
			sourceTree = "<group>";
		};
		A1C88DE02ADBFBAE00F475BB /* Core */ = {
			isa = PBXGroup;
			children = (
				A1344F7E2ADFB66F0091C262 /* Activity */,
				A1C88DE52ADBFBFC00F475BB /* Authentication */,
				A13D05332AE272DF00B63045 /* Components */,
				A1344F7A2ADFB6170091C262 /* Explore */,
				A1344F762ADFB5C10091C262 /* Feed */,
				A1344F802ADFB6800091C262 /* Profile */,
				A1C88DE62ADBFC1700F475BB /* Root */,
				A13F33352ADC360E00D2DEDE /* TabBar */,
				A1344F7C2ADFB6490091C262 /* ThreadCreation */,
			);
			path = Core;
			sourceTree = "<group>";
		};
		A1C88DE12ADBFBB400F475BB /* Extenstions */ = {
			isa = PBXGroup;
			children = (
			);
			path = Extenstions;
			sourceTree = "<group>";
		};
		A1C88DE22ADBFBD400F475BB /* Models */ = {
			isa = PBXGroup;
			children = (
			);
			path = Models;
			sourceTree = "<group>";
		};
		A1C88DE32ADBFBDD00F475BB /* Services */ = {
			isa = PBXGroup;
			children = (
			);
			path = Services;
			sourceTree = "<group>";
		};
		A1C88DE42ADBFBEB00F475BB /* Utils */ = {
			isa = PBXGroup;
			children = (
				A13F33322ADC339F00D2DEDE /* ViewModifiers */,
			);
			path = Utils;
			sourceTree = "<group>";
		};
		A1C88DE52ADBFBFC00F475BB /* Authentication */ = {
			isa = PBXGroup;
			children = (
				A1C88DE72ADBFC3500F475BB /* Views */,
			);
			path = Authentication;
			sourceTree = "<group>";
		};
		A1C88DE62ADBFC1700F475BB /* Root */ = {
			isa = PBXGroup;
			children = (
				A1C88DD32ADBFB9300F475BB /* ContentView.swift */,
			);
			path = Root;
			sourceTree = "<group>";
		};
		A1C88DE72ADBFC3500F475BB /* Views */ = {
			isa = PBXGroup;
			children = (
				A1C88DE82ADBFC4D00F475BB /* LoginView.swift */,
				A13F33302ADC309F00D2DEDE /* RegistrationView.swift */,
			);
			path = Views;
			sourceTree = "<group>";
		};
		A1D16F3F2AE2CF370043EF5E /* EditProfile */ = {
			isa = PBXGroup;
			children = (
				A1D16F402AE2D0250043EF5E /* Views */,
			);
			path = EditProfile;
			sourceTree = "<group>";
		};
		A1D16F402AE2D0250043EF5E /* Views */ = {
			isa = PBXGroup;
			children = (
				A1D16F422AE2D0340043EF5E /* EditProfileView.swift */,
			);
			path = Views;
			sourceTree = "<group>";
		};
/* End PBXGroup section */

/* Begin PBXNativeTarget section */
		A1C88DCD2ADBFB9300F475BB /* Threads */ = {
			isa = PBXNativeTarget;
			buildConfigurationList = A1C88DDC2ADBFB9400F475BB /* Build configuration list for PBXNativeTarget "Threads" */;
			buildPhases = (
				A1C88DCA2ADBFB9300F475BB /* Sources */,
				A1C88DCB2ADBFB9300F475BB /* Frameworks */,
				A1C88DCC2ADBFB9300F475BB /* Resources */,
			);
			buildRules = (
			);
			dependencies = (
			);
			name = Threads;
			productName = Threads;
			productReference = A1C88DCE2ADBFB9300F475BB /* Threads.app */;
			productType = "com.apple.product-type.application";
		};
/* End PBXNativeTarget section */

/* Begin PBXProject section */
		A1C88DC62ADBFB9300F475BB /* Project object */ = {
			isa = PBXProject;
			attributes = {
				BuildIndependentTargetsInParallel = 1;
				LastSwiftUpdateCheck = 1500;
				LastUpgradeCheck = 1500;
				TargetAttributes = {
					A1C88DCD2ADBFB9300F475BB = {
						CreatedOnToolsVersion = 15.0;
					};
				};
			};
			buildConfigurationList = A1C88DC92ADBFB9300F475BB /* Build configuration list for PBXProject "Threads" */;
			compatibilityVersion = "Xcode 14.0";
			developmentRegion = en;
			hasScannedForEncodings = 0;
			knownRegions = (
				en,
				Base,
			);
			mainGroup = A1C88DC52ADBFB9300F475BB;
			productRefGroup = A1C88DCF2ADBFB9300F475BB /* Products */;
			projectDirPath = "";
			projectRoot = "";
			targets = (
				A1C88DCD2ADBFB9300F475BB /* Threads */,
			);
		};
/* End PBXProject section */

/* Begin PBXResourcesBuildPhase section */
		A1C88DCC2ADBFB9300F475BB /* Resources */ = {
			isa = PBXResourcesBuildPhase;
			buildActionMask = 2147483647;
			files = (
				A1C88DD92ADBFB9400F475BB /* Preview Assets.xcassets in Resources */,
				A1C88DD62ADBFB9400F475BB /* Assets.xcassets in Resources */,
			);
			runOnlyForDeploymentPostprocessing = 0;
		};
/* End PBXResourcesBuildPhase section */

/* Begin PBXSourcesBuildPhase section */
		A1C88DCA2ADBFB9300F475BB /* Sources */ = {
			isa = PBXSourcesBuildPhase;
			buildActionMask = 2147483647;
			files = (
				A13D05352AE2730800B63045 /* CircularImageProfileView.swift in Sources */,
				A1344F892ADFB6D20091C262 /* ExploreView.swift in Sources */,
				A1D16F432AE2D0340043EF5E /* EditProfileView.swift in Sources */,
				A1344F832ADFB6910091C262 /* ProfileView.swift in Sources */,
				A1344F872ADFB6C10091C262 /* ThreadCreationView.swift in Sources */,
				A19A2F112AE2634E00DECE83 /* ThreadCell.swift in Sources */,
				A1344F792ADFB5D10091C262 /* FeedView.swift in Sources */,
				A13D05372AE2738100B63045 /* UserCell.swift in Sources */,
				A1C88DE92ADBFC4D00F475BB /* LoginView.swift in Sources */,
				A104971D2AE2A07C000C01E0 /* ProfileThreadFilter.swift in Sources */,
				A1C88DD42ADBFB9300F475BB /* ContentView.swift in Sources */,
				A13F33372ADC36AE00D2DEDE /* ThreadsTabView.swift in Sources */,
				A1344F852ADFB6AD0091C262 /* ActivityView.swift in Sources */,
				A13F33342ADC33E900D2DEDE /* ThreadsTextFieldModifiers.swift in Sources */,
				A1C88DD22ADBFB9300F475BB /* ThreadsApp.swift in Sources */,
				A13F33312ADC309F00D2DEDE /* RegistrationView.swift in Sources */,
			);
			runOnlyForDeploymentPostprocessing = 0;
		};
/* End PBXSourcesBuildPhase section */

/* Begin XCBuildConfiguration section */
		A1C88DDA2ADBFB9400F475BB /* Debug */ = {
			isa = XCBuildConfiguration;
			buildSettings = {
				ALWAYS_SEARCH_USER_PATHS = NO;
				ASSETCATALOG_COMPILER_GENERATE_SWIFT_ASSET_SYMBOL_EXTENSIONS = YES;
				CLANG_ANALYZER_NONNULL = YES;
				CLANG_ANALYZER_NUMBER_OBJECT_CONVERSION = YES_AGGRESSIVE;
				CLANG_CXX_LANGUAGE_STANDARD = "gnu++20";
				CLANG_ENABLE_MODULES = YES;
				CLANG_ENABLE_OBJC_ARC = YES;
				CLANG_ENABLE_OBJC_WEAK = YES;
				CLANG_WARN_BLOCK_CAPTURE_AUTORELEASING = YES;
				CLANG_WARN_BOOL_CONVERSION = YES;
				CLANG_WARN_COMMA = YES;
				CLANG_WARN_CONSTANT_CONVERSION = YES;
				CLANG_WARN_DEPRECATED_OBJC_IMPLEMENTATIONS = YES;
				CLANG_WARN_DIRECT_OBJC_ISA_USAGE = YES_ERROR;
				CLANG_WARN_DOCUMENTATION_COMMENTS = YES;
				CLANG_WARN_EMPTY_BODY = YES;
				CLANG_WARN_ENUM_CONVERSION = YES;
				CLANG_WARN_INFINITE_RECURSION = YES;
				CLANG_WARN_INT_CONVERSION = YES;
				CLANG_WARN_NON_LITERAL_NULL_CONVERSION = YES;
				CLANG_WARN_OBJC_IMPLICIT_RETAIN_SELF = YES;
				CLANG_WARN_OBJC_LITERAL_CONVERSION = YES;
				CLANG_WARN_OBJC_ROOT_CLASS = YES_ERROR;
				CLANG_WARN_QUOTED_INCLUDE_IN_FRAMEWORK_HEADER = YES;
				CLANG_WARN_RANGE_LOOP_ANALYSIS = YES;
				CLANG_WARN_STRICT_PROTOTYPES = YES;
				CLANG_WARN_SUSPICIOUS_MOVE = YES;
				CLANG_WARN_UNGUARDED_AVAILABILITY = YES_AGGRESSIVE;
				CLANG_WARN_UNREACHABLE_CODE = YES;
				CLANG_WARN__DUPLICATE_METHOD_MATCH = YES;
				COPY_PHASE_STRIP = NO;
				DEBUG_INFORMATION_FORMAT = dwarf;
				ENABLE_STRICT_OBJC_MSGSEND = YES;
				ENABLE_TESTABILITY = YES;
				ENABLE_USER_SCRIPT_SANDBOXING = YES;
				GCC_C_LANGUAGE_STANDARD = gnu17;
				GCC_DYNAMIC_NO_PIC = NO;
				GCC_NO_COMMON_BLOCKS = YES;
				GCC_OPTIMIZATION_LEVEL = 0;
				GCC_PREPROCESSOR_DEFINITIONS = (
					"DEBUG=1",
					"$(inherited)",
				);
				GCC_WARN_64_TO_32_BIT_CONVERSION = YES;
				GCC_WARN_ABOUT_RETURN_TYPE = YES_ERROR;
				GCC_WARN_UNDECLARED_SELECTOR = YES;
				GCC_WARN_UNINITIALIZED_AUTOS = YES_AGGRESSIVE;
				GCC_WARN_UNUSED_FUNCTION = YES;
				GCC_WARN_UNUSED_VARIABLE = YES;
				IPHONEOS_DEPLOYMENT_TARGET = 17.0;
				LOCALIZATION_PREFERS_STRING_CATALOGS = YES;
				MTL_ENABLE_DEBUG_INFO = INCLUDE_SOURCE;
				MTL_FAST_MATH = YES;
				ONLY_ACTIVE_ARCH = YES;
				SDKROOT = iphoneos;
				SWIFT_ACTIVE_COMPILATION_CONDITIONS = "DEBUG $(inherited)";
				SWIFT_OPTIMIZATION_LEVEL = "-Onone";
			};
			name = Debug;
		};
		A1C88DDB2ADBFB9400F475BB /* Release */ = {
			isa = XCBuildConfiguration;
			buildSettings = {
				ALWAYS_SEARCH_USER_PATHS = NO;
				ASSETCATALOG_COMPILER_GENERATE_SWIFT_ASSET_SYMBOL_EXTENSIONS = YES;
				CLANG_ANALYZER_NONNULL = YES;
				CLANG_ANALYZER_NUMBER_OBJECT_CONVERSION = YES_AGGRESSIVE;
				CLANG_CXX_LANGUAGE_STANDARD = "gnu++20";
				CLANG_ENABLE_MODULES = YES;
				CLANG_ENABLE_OBJC_ARC = YES;
				CLANG_ENABLE_OBJC_WEAK = YES;
				CLANG_WARN_BLOCK_CAPTURE_AUTORELEASING = YES;
				CLANG_WARN_BOOL_CONVERSION = YES;
				CLANG_WARN_COMMA = YES;
				CLANG_WARN_CONSTANT_CONVERSION = YES;
				CLANG_WARN_DEPRECATED_OBJC_IMPLEMENTATIONS = YES;
				CLANG_WARN_DIRECT_OBJC_ISA_USAGE = YES_ERROR;
				CLANG_WARN_DOCUMENTATION_COMMENTS = YES;
				CLANG_WARN_EMPTY_BODY = YES;
				CLANG_WARN_ENUM_CONVERSION = YES;
				CLANG_WARN_INFINITE_RECURSION = YES;
				CLANG_WARN_INT_CONVERSION = YES;
				CLANG_WARN_NON_LITERAL_NULL_CONVERSION = YES;
				CLANG_WARN_OBJC_IMPLICIT_RETAIN_SELF = YES;
				CLANG_WARN_OBJC_LITERAL_CONVERSION = YES;
				CLANG_WARN_OBJC_ROOT_CLASS = YES_ERROR;
				CLANG_WARN_QUOTED_INCLUDE_IN_FRAMEWORK_HEADER = YES;
				CLANG_WARN_RANGE_LOOP_ANALYSIS = YES;
				CLANG_WARN_STRICT_PROTOTYPES = YES;
				CLANG_WARN_SUSPICIOUS_MOVE = YES;
				CLANG_WARN_UNGUARDED_AVAILABILITY = YES_AGGRESSIVE;
				CLANG_WARN_UNREACHABLE_CODE = YES;
				CLANG_WARN__DUPLICATE_METHOD_MATCH = YES;
				COPY_PHASE_STRIP = NO;
				DEBUG_INFORMATION_FORMAT = "dwarf-with-dsym";
				ENABLE_NS_ASSERTIONS = NO;
				ENABLE_STRICT_OBJC_MSGSEND = YES;
				ENABLE_USER_SCRIPT_SANDBOXING = YES;
				GCC_C_LANGUAGE_STANDARD = gnu17;
				GCC_NO_COMMON_BLOCKS = YES;
				GCC_WARN_64_TO_32_BIT_CONVERSION = YES;
				GCC_WARN_ABOUT_RETURN_TYPE = YES_ERROR;
				GCC_WARN_UNDECLARED_SELECTOR = YES;
				GCC_WARN_UNINITIALIZED_AUTOS = YES_AGGRESSIVE;
				GCC_WARN_UNUSED_FUNCTION = YES;
				GCC_WARN_UNUSED_VARIABLE = YES;
				IPHONEOS_DEPLOYMENT_TARGET = 17.0;
				LOCALIZATION_PREFERS_STRING_CATALOGS = YES;
				MTL_ENABLE_DEBUG_INFO = NO;
				MTL_FAST_MATH = YES;
				SDKROOT = iphoneos;
				SWIFT_COMPILATION_MODE = wholemodule;
				VALIDATE_PRODUCT = YES;
			};
			name = Release;
		};
		A1C88DDD2ADBFB9400F475BB /* Debug */ = {
			isa = XCBuildConfiguration;
			buildSettings = {
				ASSETCATALOG_COMPILER_APPICON_NAME = AppIcon;
				ASSETCATALOG_COMPILER_GLOBAL_ACCENT_COLOR_NAME = AccentColor;
				CODE_SIGN_STYLE = Automatic;
				CURRENT_PROJECT_VERSION = 1;
				DEVELOPMENT_ASSET_PATHS = "\"Threads/Preview Content\"";
				ENABLE_PREVIEWS = YES;
				GENERATE_INFOPLIST_FILE = YES;
				INFOPLIST_KEY_UIApplicationSceneManifest_Generation = YES;
				INFOPLIST_KEY_UIApplicationSupportsIndirectInputEvents = YES;
				INFOPLIST_KEY_UILaunchScreen_Generation = YES;
				INFOPLIST_KEY_UISupportedInterfaceOrientations_iPad = "UIInterfaceOrientationPortrait UIInterfaceOrientationPortraitUpsideDown UIInterfaceOrientationLandscapeLeft UIInterfaceOrientationLandscapeRight";
				INFOPLIST_KEY_UISupportedInterfaceOrientations_iPhone = "UIInterfaceOrientationPortrait UIInterfaceOrientationLandscapeLeft UIInterfaceOrientationLandscapeRight";
				LD_RUNPATH_SEARCH_PATHS = (
					"$(inherited)",
					"@executable_path/Frameworks",
				);
				MARKETING_VERSION = 1.0;
				PRODUCT_BUNDLE_IDENTIFIER = noorg.Threads;
				PRODUCT_NAME = "$(TARGET_NAME)";
				SWIFT_EMIT_LOC_STRINGS = YES;
				SWIFT_VERSION = 5.0;
				TARGETED_DEVICE_FAMILY = "1,2";
			};
			name = Debug;
		};
		A1C88DDE2ADBFB9400F475BB /* Release */ = {
			isa = XCBuildConfiguration;
			buildSettings = {
				ASSETCATALOG_COMPILER_APPICON_NAME = AppIcon;
				ASSETCATALOG_COMPILER_GLOBAL_ACCENT_COLOR_NAME = AccentColor;
				CODE_SIGN_STYLE = Automatic;
				CURRENT_PROJECT_VERSION = 1;
				DEVELOPMENT_ASSET_PATHS = "\"Threads/Preview Content\"";
				ENABLE_PREVIEWS = YES;
				GENERATE_INFOPLIST_FILE = YES;
				INFOPLIST_KEY_UIApplicationSceneManifest_Generation = YES;
				INFOPLIST_KEY_UIApplicationSupportsIndirectInputEvents = YES;
				INFOPLIST_KEY_UILaunchScreen_Generation = YES;
				INFOPLIST_KEY_UISupportedInterfaceOrientations_iPad = "UIInterfaceOrientationPortrait UIInterfaceOrientationPortraitUpsideDown UIInterfaceOrientationLandscapeLeft UIInterfaceOrientationLandscapeRight";
				INFOPLIST_KEY_UISupportedInterfaceOrientations_iPhone = "UIInterfaceOrientationPortrait UIInterfaceOrientationLandscapeLeft UIInterfaceOrientationLandscapeRight";
				LD_RUNPATH_SEARCH_PATHS = (
					"$(inherited)",
					"@executable_path/Frameworks",
				);
				MARKETING_VERSION = 1.0;
				PRODUCT_BUNDLE_IDENTIFIER = noorg.Threads;
				PRODUCT_NAME = "$(TARGET_NAME)";
				SWIFT_EMIT_LOC_STRINGS = YES;
				SWIFT_VERSION = 5.0;
				TARGETED_DEVICE_FAMILY = "1,2";
			};
			name = Release;
		};
/* End XCBuildConfiguration section */

/* Begin XCConfigurationList section */
		A1C88DC92ADBFB9300F475BB /* Build configuration list for PBXProject "Threads" */ = {
			isa = XCConfigurationList;
			buildConfigurations = (
				A1C88DDA2ADBFB9400F475BB /* Debug */,
				A1C88DDB2ADBFB9400F475BB /* Release */,
			);
			defaultConfigurationIsVisible = 0;
			defaultConfigurationName = Release;
		};
		A1C88DDC2ADBFB9400F475BB /* Build configuration list for PBXNativeTarget "Threads" */ = {
			isa = XCConfigurationList;
			buildConfigurations = (
				A1C88DDD2ADBFB9400F475BB /* Debug */,
				A1C88DDE2ADBFB9400F475BB /* Release */,
			);
			defaultConfigurationIsVisible = 0;
			defaultConfigurationName = Release;
		};
/* End XCConfigurationList section */
	};
	rootObject = A1C88DC62ADBFB9300F475BB /* Project object */;
}
